{
  "version": 1,
  "dependencies": {
    "net6.0": {
      "Amazon.Lambda.Core": {
        "type": "Direct",
        "requested": "[2.1.0, )",
        "resolved": "2.1.0",
        "contentHash": "ok06UhfBZw6j6+PhiJR9C0EOMuJvnq8rMCHVkaFmPFrlI/q447ukwGZQKaAKqodV+MNTfpb/iPxjgUPVbSlVVw=="
      },
      "Amazon.Lambda.Serialization.SystemTextJson": {
        "type": "Direct",
        "requested": "[2.3.0, )",
        "resolved": "2.3.0",
        "contentHash": "qgFCDJp5lyUNqCq1z18U7fZ/+rmMyw6RJf9nKfnJrf79YupDj02klQAjxymEYN66NykWXyc68SGkow6fy53hfg==",
        "dependencies": {
          "Amazon.Lambda.Core": "2.1.0"
        }
      },
      "AWSSDK.DynamoDBv2": {
        "type": "Direct",
        "requested": "[3.7.3.46, )",
        "resolved": "3.7.3.46",
        "contentHash": "TuoljOIuibzjVPSvl/30aQhduY+UA58ZuoWYDVRrDRDeBUknDnRFu920hEVCCHuLEUF95ZBi9aZz69ePWoTH4g==",
        "dependencies": {
          "AWSSDK.Core": "[3.7.11.14, 4.0.0)"
        }
      },
      "AWSSDK.Core": {
        "type": "Transitive",
        "resolved": "3.7.11.14",
        "contentHash": "uIHHB/qz8b3pwAzsYLakaWAZJSP7SbWicJN/YIz+/nH/r/UrQ79ifZKLOqmbVPvusvH0i1dB2HXEv7H3KEiqVA=="
      }
    }
  }
}