
Microsoft Visual Studio Solution File, Format Version 12.00
Project("{FAE04EC0-301F-11D3-BF4B-00C04F79EFBC}") = "ArticlesWeb.Functions.Articles.Get", "ArticlesWeb.Functions.Articles.Get\ArticlesWeb.Functions.Articles.Get.csproj", "{7349E7D5-1BB3-4501-959D-83BC1A458124}"
EndProject
Project("{2150E333-8FDC-42A3-9474-1A3956D46DE8}") = "Functions", "Functions", "{E50EE588-42D1-4E43-8569-3C24A16301C1}"
EndProject
Project("{FAE04EC0-301F-11D3-BF4B-00C04F79EFBC}") = "ArticlesWeb.Functions.Comments.Create", "ArticlesWeb.Functions.Comments.Create\ArticlesWeb.Functions.Comments.Create.csproj", "{A3983242-43D0-457B-94C3-5D54D5F04E2F}"
EndProject
Project("{FAE04EC0-301F-11D3-BF4B-00C04F79EFBC}") = "ArticlesWeb.Functions.Tests", "ArticlesWeb.Functions.Tests\ArticlesWeb.Functions.Tests.csproj", "{F3A2496C-7447-4A61-B3CA-8D8ECE91A6DF}"
EndProject
Project("{2150E333-8FDC-42A3-9474-1A3956D46DE8}") = "Core", "Core", "{66994C19-6F70-4834-BB68-B74813631D69}"
EndProject
Project("{FAE04EC0-301F-11D3-BF4B-00C04F79EFBC}") = "ArticlesWeb.Core.Services", "ArticlesWeb.Core.Services\ArticlesWeb.Core.Services.csproj", "{9795C26E-8E1E-4B0A-9E9E-46C93E57627B}"
EndProject
Project("{FAE04EC0-301F-11D3-BF4B-00C04F79EFBC}") = "ArticlesWeb.Core.Entities", "ArticlesWeb.Core.Entities\ArticlesWeb.Core.Entities.csproj", "{61D91925-21D6-4D74-A845-49616AA410EA}"
EndProject
Project("{2150E333-8FDC-42A3-9474-1A3956D46DE8}") = "Comments", "Comments", "{6267DE72-044E-4E60-BDB2-39D5B57B0EE8}"
EndProject
Project("{FAE04EC0-301F-11D3-BF4B-00C04F79EFBC}") = "ArticlesWeb.Functions.Shared", "ArticlesWeb.Functions.Shared\ArticlesWeb.Functions.Shared.csproj", "{D5C317B6-A11B-4312-B697-A4568367F476}"
EndProject
Project("{2150E333-8FDC-42A3-9474-1A3956D46DE8}") = "Articles", "Articles", "{7609DA6E-9181-4F7C-A19A-81710466A7FB}"
EndProject
Project("{FAE04EC0-301F-11D3-BF4B-00C04F79EFBC}") = "ArticlesWeb.Functions.Articles.Create", "ArticlesWeb.Functions.Articles.Create\ArticlesWeb.Functions.Articles.Create.csproj", "{0F127614-A9CD-438F-8C48-A527339934FC}"
EndProject
Global
	GlobalSection(SolutionConfigurationPlatforms) = preSolution
		Debug|Any CPU = Debug|Any CPU
		Release|Any CPU = Release|Any CPU
	EndGlobalSection
	GlobalSection(ProjectConfigurationPlatforms) = postSolution
		{7349E7D5-1BB3-4501-959D-83BC1A458124}.Debug|Any CPU.ActiveCfg = Debug|Any CPU
		{7349E7D5-1BB3-4501-959D-83BC1A458124}.Debug|Any CPU.Build.0 = Debug|Any CPU
		{7349E7D5-1BB3-4501-959D-83BC1A458124}.Release|Any CPU.ActiveCfg = Release|Any CPU
		{7349E7D5-1BB3-4501-959D-83BC1A458124}.Release|Any CPU.Build.0 = Release|Any CPU
		{A3983242-43D0-457B-94C3-5D54D5F04E2F}.Debug|Any CPU.ActiveCfg = Debug|Any CPU
		{A3983242-43D0-457B-94C3-5D54D5F04E2F}.Debug|Any CPU.Build.0 = Debug|Any CPU
		{A3983242-43D0-457B-94C3-5D54D5F04E2F}.Release|Any CPU.ActiveCfg = Release|Any CPU
		{A3983242-43D0-457B-94C3-5D54D5F04E2F}.Release|Any CPU.Build.0 = Release|Any CPU
		{F3A2496C-7447-4A61-B3CA-8D8ECE91A6DF}.Debug|Any CPU.ActiveCfg = Debug|Any CPU
		{F3A2496C-7447-4A61-B3CA-8D8ECE91A6DF}.Debug|Any CPU.Build.0 = Debug|Any CPU
		{F3A2496C-7447-4A61-B3CA-8D8ECE91A6DF}.Release|Any CPU.ActiveCfg = Release|Any CPU
		{F3A2496C-7447-4A61-B3CA-8D8ECE91A6DF}.Release|Any CPU.Build.0 = Release|Any CPU
		{9795C26E-8E1E-4B0A-9E9E-46C93E57627B}.Debug|Any CPU.ActiveCfg = Debug|Any CPU
		{9795C26E-8E1E-4B0A-9E9E-46C93E57627B}.Debug|Any CPU.Build.0 = Debug|Any CPU
		{9795C26E-8E1E-4B0A-9E9E-46C93E57627B}.Release|Any CPU.ActiveCfg = Release|Any CPU
		{9795C26E-8E1E-4B0A-9E9E-46C93E57627B}.Release|Any CPU.Build.0 = Release|Any CPU
		{61D91925-21D6-4D74-A845-49616AA410EA}.Debug|Any CPU.ActiveCfg = Debug|Any CPU
		{61D91925-21D6-4D74-A845-49616AA410EA}.Debug|Any CPU.Build.0 = Debug|Any CPU
		{61D91925-21D6-4D74-A845-49616AA410EA}.Release|Any CPU.ActiveCfg = Release|Any CPU
		{61D91925-21D6-4D74-A845-49616AA410EA}.Release|Any CPU.Build.0 = Release|Any CPU
		{D5C317B6-A11B-4312-B697-A4568367F476}.Debug|Any CPU.ActiveCfg = Debug|Any CPU
		{D5C317B6-A11B-4312-B697-A4568367F476}.Debug|Any CPU.Build.0 = Debug|Any CPU
		{D5C317B6-A11B-4312-B697-A4568367F476}.Release|Any CPU.ActiveCfg = Release|Any CPU
		{D5C317B6-A11B-4312-B697-A4568367F476}.Release|Any CPU.Build.0 = Release|Any CPU
		{0F127614-A9CD-438F-8C48-A527339934FC}.Debug|Any CPU.ActiveCfg = Debug|Any CPU
		{0F127614-A9CD-438F-8C48-A527339934FC}.Debug|Any CPU.Build.0 = Debug|Any CPU
		{0F127614-A9CD-438F-8C48-A527339934FC}.Release|Any CPU.ActiveCfg = Release|Any CPU
		{0F127614-A9CD-438F-8C48-A527339934FC}.Release|Any CPU.Build.0 = Release|Any CPU
	EndGlobalSection
	GlobalSection(NestedProjects) = preSolution
		{F3A2496C-7447-4A61-B3CA-8D8ECE91A6DF} = {E50EE588-42D1-4E43-8569-3C24A16301C1}
		{9795C26E-8E1E-4B0A-9E9E-46C93E57627B} = {66994C19-6F70-4834-BB68-B74813631D69}
		{61D91925-21D6-4D74-A845-49616AA410EA} = {66994C19-6F70-4834-BB68-B74813631D69}
		{6267DE72-044E-4E60-BDB2-39D5B57B0EE8} = {E50EE588-42D1-4E43-8569-3C24A16301C1}
		{A3983242-43D0-457B-94C3-5D54D5F04E2F} = {6267DE72-044E-4E60-BDB2-39D5B57B0EE8}
		{D5C317B6-A11B-4312-B697-A4568367F476} = {E50EE588-42D1-4E43-8569-3C24A16301C1}
		{7609DA6E-9181-4F7C-A19A-81710466A7FB} = {E50EE588-42D1-4E43-8569-3C24A16301C1}
		{7349E7D5-1BB3-4501-959D-83BC1A458124} = {7609DA6E-9181-4F7C-A19A-81710466A7FB}
		{0F127614-A9CD-438F-8C48-A527339934FC} = {7609DA6E-9181-4F7C-A19A-81710466A7FB}
	EndGlobalSection
EndGlobal
